# This file is automatically @generated by Cargo.
# It is not intended for manual editing.
version = 3

[[package]]
name = "mdc"
version = "0.1.0"
dependencies = [
 "mini_markdown",
]

[[package]]
name = "mini_markdown"
version = "0.3.5"
source = "registry+https://github.com/rust-lang/crates.io-index"
checksum = "7a2ed5ac6690909ed489395b37f7928bc9e743ea17285629732b768708474e7c"
